
Microsoft Visual Studio Solution File, Format Version 12.00
# Visual Studio Version 16
VisualStudioVersion = 16.0.29905.134
MinimumVisualStudioVersion = 10.0.40219.1
Project("{9A19103F-16F7-4668-BE54-9A1E7A4F7556}") = "AttendanceManagementSystem", "AttendanceManagementSystem\AttendanceManagementSystem.csproj", "{FBE12ED7-E067-45C8-ACAE-DE357F057FC8}"
EndProject
Project("{FAE04EC0-301F-11D3-BF4B-00C04F79EFBC}") = "AttendanceManagementSystem.Core", "AttendanceManagementSystem.Core\AttendanceManagementSystem.Core.csproj", "{09BD170B-02B1-4F99-9D3B-B50948CF862B}"
EndProject
Global
	GlobalSection(SolutionConfigurationPlatforms) = preSolution
		Debug|Any CPU = Debug|Any CPU
		Release|Any CPU = Release|Any CPU
	EndGlobalSection
	GlobalSection(ProjectConfigurationPlatforms) = postSolution
		{FBE12ED7-E067-45C8-ACAE-DE357F057FC8}.Debug|Any CPU.ActiveCfg = Debug|Any CPU
		{FBE12ED7-E067-45C8-ACAE-DE357F057FC8}.Debug|Any CPU.Build.0 = Debug|Any CPU
		{FBE12ED7-E067-45C8-ACAE-DE357F057FC8}.Release|Any CPU.ActiveCfg = Release|Any CPU
		{FBE12ED7-E067-45C8-ACAE-DE357F057FC8}.Release|Any CPU.Build.0 = Release|Any CPU
		{09BD170B-02B1-4F99-9D3B-B50948CF862B}.Debug|Any CPU.ActiveCfg = Debug|Any CPU
		{09BD170B-02B1-4F99-9D3B-B50948CF862B}.Debug|Any CPU.Build.0 = Debug|Any CPU
		{09BD170B-02B1-4F99-9D3B-B50948CF862B}.Release|Any CPU.ActiveCfg = Release|Any CPU
		{09BD170B-02B1-4F99-9D3B-B50948CF862B}.Release|Any CPU.Build.0 = Release|Any CPU
	EndGlobalSection
	GlobalSection(SolutionProperties) = preSolution
		HideSolutionNode = FALSE
	EndGlobalSection
	GlobalSection(ExtensibilityGlobals) = postSolution
		SolutionGuid = {857683B4-E75F-4E00-A67C-B2EB0D0D3BFF}
	EndGlobalSection
EndGlobal
